
Microsoft Visual Studio Solution File, Format Version 12.00
# Visual Studio Version 17
VisualStudioVersion = 17.6.33927.249
MinimumVisualStudioVersion = 10.0.40219.1
Project("{FAE04EC0-301F-11D3-BF4B-00C04F79EFBC}") = "TsnEducationSample", "TsnEducationSample\TsnEducationSample.csproj", "{A9A9FDDF-D019-4E66-93E8-5C790AD1AEA7}"
EndProject
Global
	GlobalSection(SolutionConfigurationPlatforms) = preSolution
		Debug|Any CPU = Debug|Any CPU
		Release|Any CPU = Release|Any CPU
	EndGlobalSection
	GlobalSection(ProjectConfigurationPlatforms) = postSolution
		{A9A9FDDF-D019-4E66-93E8-5C790AD1AEA7}.Debug|Any CPU.ActiveCfg = Debug|Any CPU
		{A9A9FDDF-D019-4E66-93E8-5C790AD1AEA7}.Debug|Any CPU.Build.0 = Debug|Any CPU
		{A9A9FDDF-D019-4E66-93E8-5C790AD1AEA7}.Release|Any CPU.ActiveCfg = Release|Any CPU
		{A9A9FDDF-D019-4E66-93E8-5C790AD1AEA7}.Release|Any CPU.Build.0 = Release|Any CPU
	EndGlobalSection
	GlobalSection(SolutionProperties) = preSolution
		HideSolutionNode = FALSE
	EndGlobalSection
	GlobalSection(ExtensibilityGlobals) = postSolution
		SolutionGuid = {7AF759E8-B6CC-4AEE-A4EC-E0CA2BD4EF78}
	EndGlobalSection
EndGlobal
